
Microsoft Visual Studio Solution File, Format Version 12.00
# Visual Studio 14
VisualStudioVersion = 14.0.23107.0
MinimumVisualStudioVersion = 10.0.40219.1
Project("{FAE04EC0-301F-11D3-BF4B-00C04F79EFBC}") = "ManagedAutoHotkeyParser", "ManagedAutoHotkeyParser\ManagedAutoHotkeyParser.csproj", "{AB7220A8-1EA6-4C42-8083-2674C4C6873D}"
EndProject
Project("{FAE04EC0-301F-11D3-BF4B-00C04F79EFBC}") = "UnitTests", "UnitTests\UnitTests.csproj", "{91CE6EFC-444E-4743-BE06-B71E55EB880A}"
EndProject
Global
	GlobalSection(SolutionConfigurationPlatforms) = preSolution
		Debug|Any CPU = Debug|Any CPU
		Release|Any CPU = Release|Any CPU
	EndGlobalSection
	GlobalSection(ProjectConfigurationPlatforms) = postSolution
		{AB7220A8-1EA6-4C42-8083-2674C4C6873D}.Debug|Any CPU.ActiveCfg = Debug|Any CPU
		{AB7220A8-1EA6-4C42-8083-2674C4C6873D}.Debug|Any CPU.Build.0 = Debug|Any CPU
		{AB7220A8-1EA6-4C42-8083-2674C4C6873D}.Release|Any CPU.ActiveCfg = Release|Any CPU
		{AB7220A8-1EA6-4C42-8083-2674C4C6873D}.Release|Any CPU.Build.0 = Release|Any CPU
		{91CE6EFC-444E-4743-BE06-B71E55EB880A}.Debug|Any CPU.ActiveCfg = Debug|Any CPU
		{91CE6EFC-444E-4743-BE06-B71E55EB880A}.Debug|Any CPU.Build.0 = Debug|Any CPU
		{91CE6EFC-444E-4743-BE06-B71E55EB880A}.Release|Any CPU.ActiveCfg = Release|Any CPU
		{91CE6EFC-444E-4743-BE06-B71E55EB880A}.Release|Any CPU.Build.0 = Release|Any CPU
	EndGlobalSection
	GlobalSection(SolutionProperties) = preSolution
		HideSolutionNode = FALSE
	EndGlobalSection
EndGlobal
